
Microsoft Visual Studio Solution File, Format Version 12.00
# Visual Studio Version 17
VisualStudioVersion = 17.13.35919.96 d17.13
MinimumVisualStudioVersion = 10.0.40219.1
Project("{FAE04EC0-301F-11D3-BF4B-00C04F79EFBC}") = "CarService.Web", "CarService.Web\CarService.Web.csproj", "{3E8FA79B-B469-4306-8AA2-139CED9F61B8}"
EndProject
Global
	GlobalSection(SolutionConfigurationPlatforms) = preSolution
		Debug|Any CPU = Debug|Any CPU
		Release|Any CPU = Release|Any CPU
	EndGlobalSection
	GlobalSection(ProjectConfigurationPlatforms) = postSolution
		{3E8FA79B-B469-4306-8AA2-139CED9F61B8}.Debug|Any CPU.ActiveCfg = Debug|Any CPU
		{3E8FA79B-B469-4306-8AA2-139CED9F61B8}.Debug|Any CPU.Build.0 = Debug|Any CPU
		{3E8FA79B-B469-4306-8AA2-139CED9F61B8}.Release|Any CPU.ActiveCfg = Release|Any CPU
		{3E8FA79B-B469-4306-8AA2-139CED9F61B8}.Release|Any CPU.Build.0 = Release|Any CPU
	EndGlobalSection
	GlobalSection(SolutionProperties) = preSolution
		HideSolutionNode = FALSE
	EndGlobalSection
	GlobalSection(ExtensibilityGlobals) = postSolution
		SolutionGuid = {73648FEA-2A16-4706-BD1A-750491E091E6}
	EndGlobalSection
EndGlobal
